
Microsoft Visual Studio Solution File, Format Version 12.00
# Visual Studio 2012
Project("{FAE04EC0-301F-11D3-BF4B-00C04F79EFBC}") = "kernetics.messenger.web", "kernetics.messenger.web\kernetics.messenger.web.csproj", "{6F3AA313-6CC5-429D-88F2-60F9CFDB94D3}"
EndProject
Project("{FAE04EC0-301F-11D3-BF4B-00C04F79EFBC}") = "kernetics.messenger.model", "kernetics.messenger.model\kernetics.messenger.model.csproj", "{5885818A-D2C7-4414-92C0-E8AD2A5897C6}"
EndProject
Project("{FAE04EC0-301F-11D3-BF4B-00C04F79EFBC}") = "kernetics.messenger.database", "kernetics.messenger.database\kernetics.messenger.database.csproj", "{042E073B-878E-4EF6-8E3C-A1E4F432059C}"
EndProject
Global
	GlobalSection(SolutionConfigurationPlatforms) = preSolution
		Debug|Any CPU = Debug|Any CPU
		Release|Any CPU = Release|Any CPU
	EndGlobalSection
	GlobalSection(ProjectConfigurationPlatforms) = postSolution
		{6F3AA313-6CC5-429D-88F2-60F9CFDB94D3}.Debug|Any CPU.ActiveCfg = Debug|Any CPU
		{6F3AA313-6CC5-429D-88F2-60F9CFDB94D3}.Debug|Any CPU.Build.0 = Debug|Any CPU
		{6F3AA313-6CC5-429D-88F2-60F9CFDB94D3}.Release|Any CPU.ActiveCfg = Release|Any CPU
		{6F3AA313-6CC5-429D-88F2-60F9CFDB94D3}.Release|Any CPU.Build.0 = Release|Any CPU
		{5885818A-D2C7-4414-92C0-E8AD2A5897C6}.Debug|Any CPU.ActiveCfg = Debug|Any CPU
		{5885818A-D2C7-4414-92C0-E8AD2A5897C6}.Debug|Any CPU.Build.0 = Debug|Any CPU
		{5885818A-D2C7-4414-92C0-E8AD2A5897C6}.Release|Any CPU.ActiveCfg = Release|Any CPU
		{5885818A-D2C7-4414-92C0-E8AD2A5897C6}.Release|Any CPU.Build.0 = Release|Any CPU
		{042E073B-878E-4EF6-8E3C-A1E4F432059C}.Debug|Any CPU.ActiveCfg = Debug|Any CPU
		{042E073B-878E-4EF6-8E3C-A1E4F432059C}.Debug|Any CPU.Build.0 = Debug|Any CPU
		{042E073B-878E-4EF6-8E3C-A1E4F432059C}.Release|Any CPU.ActiveCfg = Release|Any CPU
		{042E073B-878E-4EF6-8E3C-A1E4F432059C}.Release|Any CPU.Build.0 = Release|Any CPU
	EndGlobalSection
	GlobalSection(SolutionProperties) = preSolution
		HideSolutionNode = FALSE
	EndGlobalSection
EndGlobal
